// !$*UTF8*$!
{
	archiveVersion = 1;
	classes = {
	};
	objectVersion = 46;
	objects = {

/* Begin PBXBuildFile section */
		4F0771681B538E38005D61AB /* CalendarViewController.m in Sources */ = {isa = PBXBuildFile; fileRef = 4F0771661B538E38005D61AB /* CalendarViewController.m */; };
		4F0771691B538E38005D61AB /* CalendarViewController.xib in Resources */ = {isa = PBXBuildFile; fileRef = 4F0771671B538E38005D61AB /* CalendarViewController.xib */; };
		4F417DBA1B4E6875000BD540 /* RC_BaseViewController.m in Sources */ = {isa = PBXBuildFile; fileRef = 4F417DB51B4E6875000BD540 /* RC_BaseViewController.m */; };
		4F417DBB1B4E6875000BD540 /* RC_NavigationController.m in Sources */ = {isa = PBXBuildFile; fileRef = 4F417DB71B4E6875000BD540 /* RC_NavigationController.m */; };
		4F417DBC1B4E6875000BD540 /* RC_View.m in Sources */ = {isa = PBXBuildFile; fileRef = 4F417DB91B4E6875000BD540 /* RC_View.m */; };
		4F417DC61B4E6DFD000BD540 /* CMethods.m in Sources */ = {isa = PBXBuildFile; fileRef = 4F417DC51B4E6DFD000BD540 /* CMethods.m */; };
		4F417DD11B4E72B8000BD540 /* LeftMenuViewController.m in Sources */ = {isa = PBXBuildFile; fileRef = 4F417DCC1B4E72B8000BD540 /* LeftMenuViewController.m */; };
		4F417DD21B4E72B8000BD540 /* LeftMenuViewController.xib in Resources */ = {isa = PBXBuildFile; fileRef = 4F417DCD1B4E72B8000BD540 /* LeftMenuViewController.xib */; };
		4F417DD81B4E8960000BD540 /* WardrobeViewController.m in Sources */ = {isa = PBXBuildFile; fileRef = 4F417DD61B4E8960000BD540 /* WardrobeViewController.m */; };
		4F417DD91B4E8960000BD540 /* WardrobeViewController.xib in Resources */ = {isa = PBXBuildFile; fileRef = 4F417DD71B4E8960000BD540 /* WardrobeViewController.xib */; };
		4F417DDD1B4E8A78000BD540 /* MatchingViewController.m in Sources */ = {isa = PBXBuildFile; fileRef = 4F417DDB1B4E8A78000BD540 /* MatchingViewController.m */; };
		4F417DDE1B4E8A78000BD540 /* MatchingViewController.xib in Resources */ = {isa = PBXBuildFile; fileRef = 4F417DDC1B4E8A78000BD540 /* MatchingViewController.xib */; };
		4F417DE41B4E9139000BD540 /* YRSideViewController.m in Sources */ = {isa = PBXBuildFile; fileRef = 4F417DE31B4E9139000BD540 /* YRSideViewController.m */; };
		4F63418D1B4F9FD200DFC281 /* CutAndWipeViewController.m in Sources */ = {isa = PBXBuildFile; fileRef = 4F63418B1B4F9FD200DFC281 /* CutAndWipeViewController.m */; };
		4F63418E1B4F9FD200DFC281 /* CutAndWipeViewController.xib in Resources */ = {isa = PBXBuildFile; fileRef = 4F63418C1B4F9FD200DFC281 /* CutAndWipeViewController.xib */; };
		4F6341931B4FA44400DFC281 /* UIBezierPath-Points.m in Sources */ = {isa = PBXBuildFile; fileRef = 4F6341921B4FA44400DFC281 /* UIBezierPath-Points.m */; };
		4F63419A1B4FA48300DFC281 /* CutViewController.m in Sources */ = {isa = PBXBuildFile; fileRef = 4F6341981B4FA48300DFC281 /* CutViewController.m */; };
		4F63419B1B4FA48300DFC281 /* CutViewController.xib in Resources */ = {isa = PBXBuildFile; fileRef = 4F6341991B4FA48300DFC281 /* CutViewController.xib */; };
		4F63419F1B4FB97B00DFC281 /* STScratchView.m in Sources */ = {isa = PBXBuildFile; fileRef = 4F63419E1B4FB97B00DFC281 /* STScratchView.m */; };
		4F6341A31B4FB9A500DFC281 /* MZCroppableView.m in Sources */ = {isa = PBXBuildFile; fileRef = 4F6341A21B4FB9A500DFC281 /* MZCroppableView.m */; };
		4F6341A71B4FBA8200DFC281 /* WipeViewController.m in Sources */ = {isa = PBXBuildFile; fileRef = 4F6341A51B4FBA8200DFC281 /* WipeViewController.m */; };
		4F6341A81B4FBA8200DFC281 /* WipeViewController.xib in Resources */ = {isa = PBXBuildFile; fileRef = 4F6341A61B4FBA8200DFC281 /* WipeViewController.xib */; };
		4F6341AA1B4FCAA100DFC281 /* ball.png in Resources */ = {isa = PBXBuildFile; fileRef = 4F6341A91B4FCAA100DFC281 /* ball.png */; };
		4F6341AE1B4FDF1100DFC281 /* PIDrawerView.m in Sources */ = {isa = PBXBuildFile; fileRef = 4F6341AD1B4FDF1100DFC281 /* PIDrawerView.m */; };
		4F85A6351B46480A0077E12E /* main.m in Sources */ = {isa = PBXBuildFile; fileRef = 4F85A6341B46480A0077E12E /* main.m */; };
		4F85A6381B46480A0077E12E /* AppDelegate.m in Sources */ = {isa = PBXBuildFile; fileRef = 4F85A6371B46480A0077E12E /* AppDelegate.m */; };
		4F85A6401B46480A0077E12E /* Images.xcassets in Resources */ = {isa = PBXBuildFile; fileRef = 4F85A63F1B46480A0077E12E /* Images.xcassets */; };
		4F85A64F1B46480B0077E12E /* iOSCostumeMatchingTests.m in Sources */ = {isa = PBXBuildFile; fileRef = 4F85A64E1B46480B0077E12E /* iOSCostumeMatchingTests.m */; };
/* End PBXBuildFile section */

/* Begin PBXContainerItemProxy section */
		4F85A6491B46480B0077E12E /* PBXContainerItemProxy */ = {
			isa = PBXContainerItemProxy;
			containerPortal = 4F85A6271B46480A0077E12E /* Project object */;
			proxyType = 1;
			remoteGlobalIDString = 4F85A62E1B46480A0077E12E;
			remoteInfo = iOSCostumeMatching;
		};
/* End PBXContainerItemProxy section */

/* Begin PBXFileReference section */
		4F0771651B538E38005D61AB /* CalendarViewController.h */ = {isa = PBXFileReference; fileEncoding = 4; lastKnownFileType = sourcecode.c.h; path = CalendarViewController.h; sourceTree = "<group>"; };
		4F0771661B538E38005D61AB /* CalendarViewController.m */ = {isa = PBXFileReference; fileEncoding = 4; lastKnownFileType = sourcecode.c.objc; path = CalendarViewController.m; sourceTree = "<group>"; };
		4F0771671B538E38005D61AB /* CalendarViewController.xib */ = {isa = PBXFileReference; fileEncoding = 4; lastKnownFileType = file.xib; path = CalendarViewController.xib; sourceTree = "<group>"; };
		4F417DB41B4E6875000BD540 /* RC_BaseViewController.h */ = {isa = PBXFileReference; fileEncoding = 4; lastKnownFileType = sourcecode.c.h; path = RC_BaseViewController.h; sourceTree = "<group>"; };
		4F417DB51B4E6875000BD540 /* RC_BaseViewController.m */ = {isa = PBXFileReference; fileEncoding = 4; lastKnownFileType = sourcecode.c.objc; path = RC_BaseViewController.m; sourceTree = "<group>"; };
		4F417DB61B4E6875000BD540 /* RC_NavigationController.h */ = {isa = PBXFileReference; fileEncoding = 4; lastKnownFileType = sourcecode.c.h; path = RC_NavigationController.h; sourceTree = "<group>"; };
		4F417DB71B4E6875000BD540 /* RC_NavigationController.m */ = {isa = PBXFileReference; fileEncoding = 4; lastKnownFileType = sourcecode.c.objc; path = RC_NavigationController.m; sourceTree = "<group>"; };
		4F417DB81B4E6875000BD540 /* RC_View.h */ = {isa = PBXFileReference; fileEncoding = 4; lastKnownFileType = sourcecode.c.h; path = RC_View.h; sourceTree = "<group>"; };
		4F417DB91B4E6875000BD540 /* RC_View.m */ = {isa = PBXFileReference; fileEncoding = 4; lastKnownFileType = sourcecode.c.objc; path = RC_View.m; sourceTree = "<group>"; };
		4F417DC41B4E6DFD000BD540 /* CMethods.h */ = {isa = PBXFileReference; fileEncoding = 4; lastKnownFileType = sourcecode.c.h; path = CMethods.h; sourceTree = "<group>"; };
		4F417DC51B4E6DFD000BD540 /* CMethods.m */ = {isa = PBXFileReference; fileEncoding = 4; lastKnownFileType = sourcecode.c.objc; path = CMethods.m; sourceTree = "<group>"; };
		4F417DC71B4E6FD9000BD540 /* PrefixHeader.pch */ = {isa = PBXFileReference; fileEncoding = 4; lastKnownFileType = sourcecode.c.h; path = PrefixHeader.pch; sourceTree = "<group>"; };
		4F417DC81B4E708F000BD540 /* Public.h */ = {isa = PBXFileReference; lastKnownFileType = sourcecode.c.h; path = Public.h; sourceTree = "<group>"; };
		4F417DCB1B4E72B8000BD540 /* LeftMenuViewController.h */ = {isa = PBXFileReference; fileEncoding = 4; lastKnownFileType = sourcecode.c.h; path = LeftMenuViewController.h; sourceTree = "<group>"; };
		4F417DCC1B4E72B8000BD540 /* LeftMenuViewController.m */ = {isa = PBXFileReference; fileEncoding = 4; lastKnownFileType = sourcecode.c.objc; path = LeftMenuViewController.m; sourceTree = "<group>"; };
		4F417DCD1B4E72B8000BD540 /* LeftMenuViewController.xib */ = {isa = PBXFileReference; fileEncoding = 4; lastKnownFileType = file.xib; path = LeftMenuViewController.xib; sourceTree = "<group>"; };
		4F417DD51B4E8960000BD540 /* WardrobeViewController.h */ = {isa = PBXFileReference; fileEncoding = 4; lastKnownFileType = sourcecode.c.h; path = WardrobeViewController.h; sourceTree = "<group>"; };
		4F417DD61B4E8960000BD540 /* WardrobeViewController.m */ = {isa = PBXFileReference; fileEncoding = 4; lastKnownFileType = sourcecode.c.objc; path = WardrobeViewController.m; sourceTree = "<group>"; };
		4F417DD71B4E8960000BD540 /* WardrobeViewController.xib */ = {isa = PBXFileReference; fileEncoding = 4; lastKnownFileType = file.xib; path = WardrobeViewController.xib; sourceTree = "<group>"; };
		4F417DDA1B4E8A78000BD540 /* MatchingViewController.h */ = {isa = PBXFileReference; fileEncoding = 4; lastKnownFileType = sourcecode.c.h; path = MatchingViewController.h; sourceTree = "<group>"; };
		4F417DDB1B4E8A78000BD540 /* MatchingViewController.m */ = {isa = PBXFileReference; fileEncoding = 4; lastKnownFileType = sourcecode.c.objc; path = MatchingViewController.m; sourceTree = "<group>"; };
		4F417DDC1B4E8A78000BD540 /* MatchingViewController.xib */ = {isa = PBXFileReference; fileEncoding = 4; lastKnownFileType = file.xib; path = MatchingViewController.xib; sourceTree = "<group>"; };
		4F417DE21B4E9139000BD540 /* YRSideViewController.h */ = {isa = PBXFileReference; fileEncoding = 4; lastKnownFileType = sourcecode.c.h; path = YRSideViewController.h; sourceTree = "<group>"; };
		4F417DE31B4E9139000BD540 /* YRSideViewController.m */ = {isa = PBXFileReference; fileEncoding = 4; lastKnownFileType = sourcecode.c.objc; path = YRSideViewController.m; sourceTree = "<group>"; };
		4F63418A1B4F9FD200DFC281 /* CutAndWipeViewController.h */ = {isa = PBXFileReference; fileEncoding = 4; lastKnownFileType = sourcecode.c.h; path = CutAndWipeViewController.h; sourceTree = "<group>"; };
		4F63418B1B4F9FD200DFC281 /* CutAndWipeViewController.m */ = {isa = PBXFileReference; fileEncoding = 4; lastKnownFileType = sourcecode.c.objc; path = CutAndWipeViewController.m; sourceTree = "<group>"; };
		4F63418C1B4F9FD200DFC281 /* CutAndWipeViewController.xib */ = {isa = PBXFileReference; fileEncoding = 4; lastKnownFileType = file.xib; path = CutAndWipeViewController.xib; sourceTree = "<group>"; };
		4F6341911B4FA44400DFC281 /* UIBezierPath-Points.h */ = {isa = PBXFileReference; fileEncoding = 4; lastKnownFileType = sourcecode.c.h; path = "UIBezierPath-Points.h"; sourceTree = "<group>"; };
		4F6341921B4FA44400DFC281 /* UIBezierPath-Points.m */ = {isa = PBXFileReference; fileEncoding = 4; lastKnownFileType = sourcecode.c.objc; path = "UIBezierPath-Points.m"; sourceTree = "<group>"; };
		4F6341971B4FA48300DFC281 /* CutViewController.h */ = {isa = PBXFileReference; fileEncoding = 4; lastKnownFileType = sourcecode.c.h; path = CutViewController.h; sourceTree = "<group>"; };
		4F6341981B4FA48300DFC281 /* CutViewController.m */ = {isa = PBXFileReference; fileEncoding = 4; lastKnownFileType = sourcecode.c.objc; path = CutViewController.m; sourceTree = "<group>"; };
		4F6341991B4FA48300DFC281 /* CutViewController.xib */ = {isa = PBXFileReference; fileEncoding = 4; lastKnownFileType = file.xib; path = CutViewController.xib; sourceTree = "<group>"; };
		4F63419D1B4FB97A00DFC281 /* STScratchView.h */ = {isa = PBXFileReference; fileEncoding = 4; lastKnownFileType = sourcecode.c.h; path = STScratchView.h; sourceTree = "<group>"; };
		4F63419E1B4FB97B00DFC281 /* STScratchView.m */ = {isa = PBXFileReference; fileEncoding = 4; lastKnownFileType = sourcecode.c.objc; path = STScratchView.m; sourceTree = "<group>"; };
		4F6341A11B4FB9A500DFC281 /* MZCroppableView.h */ = {isa = PBXFileReference; fileEncoding = 4; lastKnownFileType = sourcecode.c.h; path = MZCroppableView.h; sourceTree = "<group>"; };
		4F6341A21B4FB9A500DFC281 /* MZCroppableView.m */ = {isa = PBXFileReference; fileEncoding = 4; lastKnownFileType = sourcecode.c.objc; path = MZCroppableView.m; sourceTree = "<group>"; };
		4F6341A41B4FBA8200DFC281 /* WipeViewController.h */ = {isa = PBXFileReference; fileEncoding = 4; lastKnownFileType = sourcecode.c.h; path = WipeViewController.h; sourceTree = "<group>"; };
		4F6341A51B4FBA8200DFC281 /* WipeViewController.m */ = {isa = PBXFileReference; fileEncoding = 4; lastKnownFileType = sourcecode.c.objc; path = WipeViewController.m; sourceTree = "<group>"; };
		4F6341A61B4FBA8200DFC281 /* WipeViewController.xib */ = {isa = PBXFileReference; fileEncoding = 4; lastKnownFileType = file.xib; path = WipeViewController.xib; sourceTree = "<group>"; };
		4F6341A91B4FCAA100DFC281 /* ball.png */ = {isa = PBXFileReference; lastKnownFileType = image.png; path = ball.png; sourceTree = "<group>"; };
		4F6341AC1B4FDF1100DFC281 /* PIDrawerView.h */ = {isa = PBXFileReference; fileEncoding = 4; lastKnownFileType = sourcecode.c.h; path = PIDrawerView.h; sourceTree = "<group>"; };
		4F6341AD1B4FDF1100DFC281 /* PIDrawerView.m */ = {isa = PBXFileReference; fileEncoding = 4; lastKnownFileType = sourcecode.c.objc; path = PIDrawerView.m; sourceTree = "<group>"; };
		4F85A62F1B46480A0077E12E /* iOSCostumeMatching.app */ = {isa = PBXFileReference; explicitFileType = wrapper.application; includeInIndex = 0; path = iOSCostumeMatching.app; sourceTree = BUILT_PRODUCTS_DIR; };
		4F85A6331B46480A0077E12E /* Info.plist */ = {isa = PBXFileReference; lastKnownFileType = text.plist.xml; path = Info.plist; sourceTree = "<group>"; };
		4F85A6341B46480A0077E12E /* main.m */ = {isa = PBXFileReference; lastKnownFileType = sourcecode.c.objc; path = main.m; sourceTree = "<group>"; };
		4F85A6361B46480A0077E12E /* AppDelegate.h */ = {isa = PBXFileReference; lastKnownFileType = sourcecode.c.h; path = AppDelegate.h; sourceTree = "<group>"; };
		4F85A6371B46480A0077E12E /* AppDelegate.m */ = {isa = PBXFileReference; lastKnownFileType = sourcecode.c.objc; path = AppDelegate.m; sourceTree = "<group>"; };
		4F85A63F1B46480A0077E12E /* Images.xcassets */ = {isa = PBXFileReference; lastKnownFileType = folder.assetcatalog; path = Images.xcassets; sourceTree = "<group>"; };
		4F85A6481B46480B0077E12E /* iOSCostumeMatchingTests.xctest */ = {isa = PBXFileReference; explicitFileType = wrapper.cfbundle; includeInIndex = 0; path = iOSCostumeMatchingTests.xctest; sourceTree = BUILT_PRODUCTS_DIR; };
		4F85A64D1B46480B0077E12E /* Info.plist */ = {isa = PBXFileReference; lastKnownFileType = text.plist.xml; path = Info.plist; sourceTree = "<group>"; };
		4F85A64E1B46480B0077E12E /* iOSCostumeMatchingTests.m */ = {isa = PBXFileReference; lastKnownFileType = sourcecode.c.objc; path = iOSCostumeMatchingTests.m; sourceTree = "<group>"; };
/* End PBXFileReference section */

/* Begin PBXFrameworksBuildPhase section */
		4F85A62C1B46480A0077E12E /* Frameworks */ = {
			isa = PBXFrameworksBuildPhase;
			buildActionMask = 2147483647;
			files = (
			);
			runOnlyForDeploymentPostprocessing = 0;
		};
		4F85A6451B46480B0077E12E /* Frameworks */ = {
			isa = PBXFrameworksBuildPhase;
			buildActionMask = 2147483647;
			files = (
			);
			runOnlyForDeploymentPostprocessing = 0;
		};
/* End PBXFrameworksBuildPhase section */

/* Begin PBXGroup section */
		4F417DB01B4E67FA000BD540 /* BaseClass */ = {
			isa = PBXGroup;
			children = (
				4F417DE21B4E9139000BD540 /* YRSideViewController.h */,
				4F417DE31B4E9139000BD540 /* YRSideViewController.m */,
				4F417DB41B4E6875000BD540 /* RC_BaseViewController.h */,
				4F417DB51B4E6875000BD540 /* RC_BaseViewController.m */,
				4F417DB61B4E6875000BD540 /* RC_NavigationController.h */,
				4F417DB71B4E6875000BD540 /* RC_NavigationController.m */,
				4F417DB81B4E6875000BD540 /* RC_View.h */,
				4F417DB91B4E6875000BD540 /* RC_View.m */,
			);
			path = BaseClass;
			sourceTree = "<group>";
		};
		4F417DC21B4E6DE5000BD540 /* RCShare */ = {
			isa = PBXGroup;
			children = (
				4F417DC31B4E6DFD000BD540 /* C Methods */,
			);
			path = RCShare;
			sourceTree = "<group>";
		};
		4F417DC31B4E6DFD000BD540 /* C Methods */ = {
			isa = PBXGroup;
			children = (
				4F417DC41B4E6DFD000BD540 /* CMethods.h */,
				4F417DC51B4E6DFD000BD540 /* CMethods.m */,
			);
			path = "C Methods";
			sourceTree = "<group>";
		};
		4F417DCA1B4E7285000BD540 /* Controllers */ = {
			isa = PBXGroup;
			children = (
				4F6341891B4F9F6200DFC281 /* Cut&Wipe */,
				4F417DCB1B4E72B8000BD540 /* LeftMenuViewController.h */,
				4F417DCC1B4E72B8000BD540 /* LeftMenuViewController.m */,
				4F417DCD1B4E72B8000BD540 /* LeftMenuViewController.xib */,
				4F417DD51B4E8960000BD540 /* WardrobeViewController.h */,
				4F417DD61B4E8960000BD540 /* WardrobeViewController.m */,
				4F417DD71B4E8960000BD540 /* WardrobeViewController.xib */,
				4F417DDA1B4E8A78000BD540 /* MatchingViewController.h */,
				4F417DDB1B4E8A78000BD540 /* MatchingViewController.m */,
				4F417DDC1B4E8A78000BD540 /* MatchingViewController.xib */,
				4F0771651B538E38005D61AB /* CalendarViewController.h */,
				4F0771661B538E38005D61AB /* CalendarViewController.m */,
				4F0771671B538E38005D61AB /* CalendarViewController.xib */,
			);
			path = Controllers;
			sourceTree = "<group>";
		};
		4F6341891B4F9F6200DFC281 /* Cut&Wipe */ = {
			isa = PBXGroup;
			children = (
				4F63418A1B4F9FD200DFC281 /* CutAndWipeViewController.h */,
				4F63418B1B4F9FD200DFC281 /* CutAndWipeViewController.m */,
				4F63418C1B4F9FD200DFC281 /* CutAndWipeViewController.xib */,
				4F6341971B4FA48300DFC281 /* CutViewController.h */,
				4F6341981B4FA48300DFC281 /* CutViewController.m */,
				4F6341991B4FA48300DFC281 /* CutViewController.xib */,
				4F6341A41B4FBA8200DFC281 /* WipeViewController.h */,
				4F6341A51B4FBA8200DFC281 /* WipeViewController.m */,
				4F6341A61B4FBA8200DFC281 /* WipeViewController.xib */,
			);
			path = "Cut&Wipe";
			sourceTree = "<group>";
		};
		4F63418F1B4FA3E000DFC281 /* View */ = {
			isa = PBXGroup;
			children = (
				4F6341AB1B4FDEF400DFC281 /* PIDrawerView */,
				4F6341A01B4FB98100DFC281 /* MZCroppableView */,
				4F63419C1B4FB97A00DFC281 /* STScratchView */,
			);
			path = View;
			sourceTree = "<group>";
		};
		4F6341901B4FA42400DFC281 /* Category */ = {
			isa = PBXGroup;
			children = (
				4F6341911B4FA44400DFC281 /* UIBezierPath-Points.h */,
				4F6341921B4FA44400DFC281 /* UIBezierPath-Points.m */,
			);
			path = Category;
			sourceTree = "<group>";
		};
		4F63419C1B4FB97A00DFC281 /* STScratchView */ = {
			isa = PBXGroup;
			children = (
				4F63419D1B4FB97A00DFC281 /* STScratchView.h */,
				4F63419E1B4FB97B00DFC281 /* STScratchView.m */,
			);
			path = STScratchView;
			sourceTree = "<group>";
		};
		4F6341A01B4FB98100DFC281 /* MZCroppableView */ = {
			isa = PBXGroup;
			children = (
				4F6341A11B4FB9A500DFC281 /* MZCroppableView.h */,
				4F6341A21B4FB9A500DFC281 /* MZCroppableView.m */,
			);
			path = MZCroppableView;
			sourceTree = "<group>";
		};
		4F6341AB1B4FDEF400DFC281 /* PIDrawerView */ = {
			isa = PBXGroup;
			children = (
				4F6341AC1B4FDF1100DFC281 /* PIDrawerView.h */,
				4F6341AD1B4FDF1100DFC281 /* PIDrawerView.m */,
			);
			path = PIDrawerView;
			sourceTree = "<group>";
		};
		4F85A6261B46480A0077E12E = {
			isa = PBXGroup;
			children = (
				4F6341A91B4FCAA100DFC281 /* ball.png */,
				4F85A6311B46480A0077E12E /* iOSCostumeMatching */,
				4F85A64B1B46480B0077E12E /* iOSCostumeMatchingTests */,
				4F85A6301B46480A0077E12E /* Products */,
			);
			sourceTree = "<group>";
		};
		4F85A6301B46480A0077E12E /* Products */ = {
			isa = PBXGroup;
			children = (
				4F85A62F1B46480A0077E12E /* iOSCostumeMatching.app */,
				4F85A6481B46480B0077E12E /* iOSCostumeMatchingTests.xctest */,
			);
			name = Products;
			sourceTree = "<group>";
		};
		4F85A6311B46480A0077E12E /* iOSCostumeMatching */ = {
			isa = PBXGroup;
			children = (
				4F6341901B4FA42400DFC281 /* Category */,
				4F63418F1B4FA3E000DFC281 /* View */,
				4F417DCA1B4E7285000BD540 /* Controllers */,
				4F417DC81B4E708F000BD540 /* Public.h */,
				4F417DC21B4E6DE5000BD540 /* RCShare */,
				4F417DB01B4E67FA000BD540 /* BaseClass */,
				4F85A6361B46480A0077E12E /* AppDelegate.h */,
				4F85A6371B46480A0077E12E /* AppDelegate.m */,
				4F85A63F1B46480A0077E12E /* Images.xcassets */,
				4F85A6321B46480A0077E12E /* Supporting Files */,
			);
			path = iOSCostumeMatching;
			sourceTree = "<group>";
		};
		4F85A6321B46480A0077E12E /* Supporting Files */ = {
			isa = PBXGroup;
			children = (
				4F417DC71B4E6FD9000BD540 /* PrefixHeader.pch */,
				4F85A6331B46480A0077E12E /* Info.plist */,
				4F85A6341B46480A0077E12E /* main.m */,
			);
			name = "Supporting Files";
			sourceTree = "<group>";
		};
		4F85A64B1B46480B0077E12E /* iOSCostumeMatchingTests */ = {
			isa = PBXGroup;
			children = (
				4F85A64E1B46480B0077E12E /* iOSCostumeMatchingTests.m */,
				4F85A64C1B46480B0077E12E /* Supporting Files */,
			);
			path = iOSCostumeMatchingTests;
			sourceTree = "<group>";
		};
		4F85A64C1B46480B0077E12E /* Supporting Files */ = {
			isa = PBXGroup;
			children = (
				4F85A64D1B46480B0077E12E /* Info.plist */,
			);
			name = "Supporting Files";
			sourceTree = "<group>";
		};
/* End PBXGroup section */

/* Begin PBXNativeTarget section */
		4F85A62E1B46480A0077E12E /* iOSCostumeMatching */ = {
			isa = PBXNativeTarget;
			buildConfigurationList = 4F85A6521B46480B0077E12E /* Build configuration list for PBXNativeTarget "iOSCostumeMatching" */;
			buildPhases = (
				4F85A62B1B46480A0077E12E /* Sources */,
				4F85A62C1B46480A0077E12E /* Frameworks */,
				4F85A62D1B46480A0077E12E /* Resources */,
			);
			buildRules = (
			);
			dependencies = (
			);
			name = iOSCostumeMatching;
			productName = iOSCostumeMatching;
			productReference = 4F85A62F1B46480A0077E12E /* iOSCostumeMatching.app */;
			productType = "com.apple.product-type.application";
		};
		4F85A6471B46480B0077E12E /* iOSCostumeMatchingTests */ = {
			isa = PBXNativeTarget;
			buildConfigurationList = 4F85A6551B46480B0077E12E /* Build configuration list for PBXNativeTarget "iOSCostumeMatchingTests" */;
			buildPhases = (
				4F85A6441B46480B0077E12E /* Sources */,
				4F85A6451B46480B0077E12E /* Frameworks */,
				4F85A6461B46480B0077E12E /* Resources */,
			);
			buildRules = (
			);
			dependencies = (
				4F85A64A1B46480B0077E12E /* PBXTargetDependency */,
			);
			name = iOSCostumeMatchingTests;
			productName = iOSCostumeMatchingTests;
			productReference = 4F85A6481B46480B0077E12E /* iOSCostumeMatchingTests.xctest */;
			productType = "com.apple.product-type.bundle.unit-test";
		};
/* End PBXNativeTarget section */

/* Begin PBXProject section */
		4F85A6271B46480A0077E12E /* Project object */ = {
			isa = PBXProject;
			attributes = {
				LastUpgradeCheck = 0640;
				ORGANIZATIONNAME = TCH;
				TargetAttributes = {
					4F85A62E1B46480A0077E12E = {
						CreatedOnToolsVersion = 6.4;
					};
					4F85A6471B46480B0077E12E = {
						CreatedOnToolsVersion = 6.4;
						TestTargetID = 4F85A62E1B46480A0077E12E;
					};
				};
			};
			buildConfigurationList = 4F85A62A1B46480A0077E12E /* Build configuration list for PBXProject "iOSCostumeMatching" */;
			compatibilityVersion = "Xcode 3.2";
			developmentRegion = English;
			hasScannedForEncodings = 0;
			knownRegions = (
				en,
				Base,
			);
			mainGroup = 4F85A6261B46480A0077E12E;
			productRefGroup = 4F85A6301B46480A0077E12E /* Products */;
			projectDirPath = "";
			projectRoot = "";
			targets = (
				4F85A62E1B46480A0077E12E /* iOSCostumeMatching */,
				4F85A6471B46480B0077E12E /* iOSCostumeMatchingTests */,
			);
		};
/* End PBXProject section */

/* Begin PBXResourcesBuildPhase section */
		4F85A62D1B46480A0077E12E /* Resources */ = {
			isa = PBXResourcesBuildPhase;
			buildActionMask = 2147483647;
			files = (
				4F417DD91B4E8960000BD540 /* WardrobeViewController.xib in Resources */,
				4F6341A81B4FBA8200DFC281 /* WipeViewController.xib in Resources */,
				4F0771691B538E38005D61AB /* CalendarViewController.xib in Resources */,
				4F417DD21B4E72B8000BD540 /* LeftMenuViewController.xib in Resources */,
				4F417DDE1B4E8A78000BD540 /* MatchingViewController.xib in Resources */,
				4F63419B1B4FA48300DFC281 /* CutViewController.xib in Resources */,
				4F63418E1B4F9FD200DFC281 /* CutAndWipeViewController.xib in Resources */,
				4F6341AA1B4FCAA100DFC281 /* ball.png in Resources */,
				4F85A6401B46480A0077E12E /* Images.xcassets in Resources */,
			);
			runOnlyForDeploymentPostprocessing = 0;
		};
		4F85A6461B46480B0077E12E /* Resources */ = {
			isa = PBXResourcesBuildPhase;
			buildActionMask = 2147483647;
			files = (
			);
			runOnlyForDeploymentPostprocessing = 0;
		};
/* End PBXResourcesBuildPhase section */

/* Begin PBXSourcesBuildPhase section */
		4F85A62B1B46480A0077E12E /* Sources */ = {
			isa = PBXSourcesBuildPhase;
			buildActionMask = 2147483647;
			files = (
				4F417DDD1B4E8A78000BD540 /* MatchingViewController.m in Sources */,
				4F63419F1B4FB97B00DFC281 /* STScratchView.m in Sources */,
				4F85A6381B46480A0077E12E /* AppDelegate.m in Sources */,
				4F6341A71B4FBA8200DFC281 /* WipeViewController.m in Sources */,
				4F6341931B4FA44400DFC281 /* UIBezierPath-Points.m in Sources */,
				4F417DC61B4E6DFD000BD540 /* CMethods.m in Sources */,
				4F417DD11B4E72B8000BD540 /* LeftMenuViewController.m in Sources */,
				4F63419A1B4FA48300DFC281 /* CutViewController.m in Sources */,
				4F417DBC1B4E6875000BD540 /* RC_View.m in Sources */,
				4F85A6351B46480A0077E12E /* main.m in Sources */,
				4F0771681B538E38005D61AB /* CalendarViewController.m in Sources */,
				4F417DD81B4E8960000BD540 /* WardrobeViewController.m in Sources */,
				4F63418D1B4F9FD200DFC281 /* CutAndWipeViewController.m in Sources */,
				4F6341AE1B4FDF1100DFC281 /* PIDrawerView.m in Sources */,
				4F417DE41B4E9139000BD540 /* YRSideViewController.m in Sources */,
				4F6341A31B4FB9A500DFC281 /* MZCroppableView.m in Sources */,
				4F417DBB1B4E6875000BD540 /* RC_NavigationController.m in Sources */,
				4F417DBA1B4E6875000BD540 /* RC_BaseViewController.m in Sources */,
			);
			runOnlyForDeploymentPostprocessing = 0;
		};
		4F85A6441B46480B0077E12E /* Sources */ = {
			isa = PBXSourcesBuildPhase;
			buildActionMask = 2147483647;
			files = (
				4F85A64F1B46480B0077E12E /* iOSCostumeMatchingTests.m in Sources */,
			);
			runOnlyForDeploymentPostprocessing = 0;
		};
/* End PBXSourcesBuildPhase section */

/* Begin PBXTargetDependency section */
		4F85A64A1B46480B0077E12E /* PBXTargetDependency */ = {
			isa = PBXTargetDependency;
			target = 4F85A62E1B46480A0077E12E /* iOSCostumeMatching */;
			targetProxy = 4F85A6491B46480B0077E12E /* PBXContainerItemProxy */;
		};
/* End PBXTargetDependency section */

/* Begin XCBuildConfiguration section */
		4F85A6501B46480B0077E12E /* Debug */ = {
			isa = XCBuildConfiguration;
			buildSettings = {
				ALWAYS_SEARCH_USER_PATHS = NO;
				CLANG_CXX_LANGUAGE_STANDARD = "gnu++0x";
				CLANG_CXX_LIBRARY = "libc++";
				CLANG_ENABLE_MODULES = YES;
				CLANG_ENABLE_OBJC_ARC = YES;
				CLANG_WARN_BOOL_CONVERSION = YES;
				CLANG_WARN_CONSTANT_CONVERSION = YES;
				CLANG_WARN_DIRECT_OBJC_ISA_USAGE = YES_ERROR;
				CLANG_WARN_EMPTY_BODY = YES;
				CLANG_WARN_ENUM_CONVERSION = YES;
				CLANG_WARN_INT_CONVERSION = YES;
				CLANG_WARN_OBJC_ROOT_CLASS = YES_ERROR;
				CLANG_WARN_UNREACHABLE_CODE = YES;
				CLANG_WARN__DUPLICATE_METHOD_MATCH = YES;
				"CODE_SIGN_IDENTITY[sdk=iphoneos*]" = "iPhone Developer";
				COPY_PHASE_STRIP = NO;
				DEBUG_INFORMATION_FORMAT = "dwarf-with-dsym";
				ENABLE_STRICT_OBJC_MSGSEND = YES;
				GCC_C_LANGUAGE_STANDARD = gnu99;
				GCC_DYNAMIC_NO_PIC = NO;
				GCC_NO_COMMON_BLOCKS = YES;
				GCC_OPTIMIZATION_LEVEL = 0;
				GCC_PREPROCESSOR_DEFINITIONS = (
					"DEBUG=1",
					"$(inherited)",
				);
				GCC_SYMBOLS_PRIVATE_EXTERN = NO;
				GCC_WARN_64_TO_32_BIT_CONVERSION = YES;
				GCC_WARN_ABOUT_RETURN_TYPE = YES_ERROR;
				GCC_WARN_UNDECLARED_SELECTOR = YES;
				GCC_WARN_UNINITIALIZED_AUTOS = YES_AGGRESSIVE;
				GCC_WARN_UNUSED_FUNCTION = YES;
				GCC_WARN_UNUSED_VARIABLE = YES;
				IPHONEOS_DEPLOYMENT_TARGET = 8.4;
				MTL_ENABLE_DEBUG_INFO = YES;
				ONLY_ACTIVE_ARCH = YES;
				SDKROOT = iphoneos;
				TARGETED_DEVICE_FAMILY = "1,2";
			};
			name = Debug;
		};
		4F85A6511B46480B0077E12E /* Release */ = {
			isa = XCBuildConfiguration;
			buildSettings = {
				ALWAYS_SEARCH_USER_PATHS = NO;
				CLANG_CXX_LANGUAGE_STANDARD = "gnu++0x";
				CLANG_CXX_LIBRARY = "libc++";
				CLANG_ENABLE_MODULES = YES;
				CLANG_ENABLE_OBJC_ARC = YES;
				CLANG_WARN_BOOL_CONVERSION = YES;
				CLANG_WARN_CONSTANT_CONVERSION = YES;
				CLANG_WARN_DIRECT_OBJC_ISA_USAGE = YES_ERROR;
				CLANG_WARN_EMPTY_BODY = YES;
				CLANG_WARN_ENUM_CONVERSION = YES;
				CLANG_WARN_INT_CONVERSION = YES;
				CLANG_WARN_OBJC_ROOT_CLASS = YES_ERROR;
				CLANG_WARN_UNREACHABLE_CODE = YES;
				CLANG_WARN__DUPLICATE_METHOD_MATCH = YES;
				"CODE_SIGN_IDENTITY[sdk=iphoneos*]" = "iPhone Developer";
				COPY_PHASE_STRIP = NO;
				DEBUG_INFORMATION_FORMAT = "dwarf-with-dsym";
				ENABLE_NS_ASSERTIONS = NO;
				ENABLE_STRICT_OBJC_MSGSEND = YES;
				GCC_C_LANGUAGE_STANDARD = gnu99;
				GCC_NO_COMMON_BLOCKS = YES;
				GCC_WARN_64_TO_32_BIT_CONVERSION = YES;
				GCC_WARN_ABOUT_RETURN_TYPE = YES_ERROR;
				GCC_WARN_UNDECLARED_SELECTOR = YES;
				GCC_WARN_UNINITIALIZED_AUTOS = YES_AGGRESSIVE;
				GCC_WARN_UNUSED_FUNCTION = YES;
				GCC_WARN_UNUSED_VARIABLE = YES;
				IPHONEOS_DEPLOYMENT_TARGET = 8.4;
				MTL_ENABLE_DEBUG_INFO = NO;
				SDKROOT = iphoneos;
				TARGETED_DEVICE_FAMILY = "1,2";
				VALIDATE_PRODUCT = YES;
			};
			name = Release;
		};
		4F85A6531B46480B0077E12E /* Debug */ = {
			isa = XCBuildConfiguration;
			buildSettings = {
				ASSETCATALOG_COMPILER_APPICON_NAME = AppIcon;
				ASSETCATALOG_COMPILER_LAUNCHIMAGE_NAME = LaunchImage;
				GCC_PREFIX_HEADER = "$(SRCROOT)/iOSCostumeMatching/PrefixHeader.pch";
				INFOPLIST_FILE = iOSCostumeMatching/Info.plist;
				IPHONEOS_DEPLOYMENT_TARGET = 7.0;
				LD_RUNPATH_SEARCH_PATHS = "$(inherited) @executable_path/Frameworks";
				PRODUCT_NAME = "$(TARGET_NAME)";
			};
			name = Debug;
		};
		4F85A6541B46480B0077E12E /* Release */ = {
			isa = XCBuildConfiguration;
			buildSettings = {
				ASSETCATALOG_COMPILER_APPICON_NAME = AppIcon;
				ASSETCATALOG_COMPILER_LAUNCHIMAGE_NAME = LaunchImage;
				GCC_PREFIX_HEADER = "$(SRCROOT)/iOSCostumeMatching/PrefixHeader.pch";
				INFOPLIST_FILE = iOSCostumeMatching/Info.plist;
				IPHONEOS_DEPLOYMENT_TARGET = 7.0;
				LD_RUNPATH_SEARCH_PATHS = "$(inherited) @executable_path/Frameworks";
				PRODUCT_NAME = "$(TARGET_NAME)";
			};
			name = Release;
		};
		4F85A6561B46480B0077E12E /* Debug */ = {
			isa = XCBuildConfiguration;
			buildSettings = {
				BUNDLE_LOADER = "$(TEST_HOST)";
				FRAMEWORK_SEARCH_PATHS = (
					"$(SDKROOT)/Developer/Library/Frameworks",
					"$(inherited)",
				);
				GCC_PREPROCESSOR_DEFINITIONS = (
					"DEBUG=1",
					"$(inherited)",
				);
				INFOPLIST_FILE = iOSCostumeMatchingTests/Info.plist;
				LD_RUNPATH_SEARCH_PATHS = "$(inherited) @executable_path/Frameworks @loader_path/Frameworks";
				PRODUCT_NAME = "$(TARGET_NAME)";
				TEST_HOST = "$(BUILT_PRODUCTS_DIR)/iOSCostumeMatching.app/iOSCostumeMatching";
			};
			name = Debug;
		};
		4F85A6571B46480B0077E12E /* Release */ = {
			isa = XCBuildConfiguration;
			buildSettings = {
				BUNDLE_LOADER = "$(TEST_HOST)";
				FRAMEWORK_SEARCH_PATHS = (
					"$(SDKROOT)/Developer/Library/Frameworks",
					"$(inherited)",
				);
				INFOPLIST_FILE = iOSCostumeMatchingTests/Info.plist;
				LD_RUNPATH_SEARCH_PATHS = "$(inherited) @executable_path/Frameworks @loader_path/Frameworks";
				PRODUCT_NAME = "$(TARGET_NAME)";
				TEST_HOST = "$(BUILT_PRODUCTS_DIR)/iOSCostumeMatching.app/iOSCostumeMatching";
			};
			name = Release;
		};
/* End XCBuildConfiguration section */

/* Begin XCConfigurationList section */
		4F85A62A1B46480A0077E12E /* Build configuration list for PBXProject "iOSCostumeMatching" */ = {
			isa = XCConfigurationList;
			buildConfigurations = (
				4F85A6501B46480B0077E12E /* Debug */,
				4F85A6511B46480B0077E12E /* Release */,
			);
			defaultConfigurationIsVisible = 0;
			defaultConfigurationName = Release;
		};
		4F85A6521B46480B0077E12E /* Build configuration list for PBXNativeTarget "iOSCostumeMatching" */ = {
			isa = XCConfigurationList;
			buildConfigurations = (
				4F85A6531B46480B0077E12E /* Debug */,
				4F85A6541B46480B0077E12E /* Release */,
			);
			defaultConfigurationIsVisible = 0;
			defaultConfigurationName = Release;
		};
		4F85A6551B46480B0077E12E /* Build configuration list for PBXNativeTarget "iOSCostumeMatchingTests" */ = {
			isa = XCConfigurationList;
			buildConfigurations = (
				4F85A6561B46480B0077E12E /* Debug */,
				4F85A6571B46480B0077E12E /* Release */,
			);
			defaultConfigurationIsVisible = 0;
			defaultConfigurationName = Release;
		};
/* End XCConfigurationList section */
	};
	rootObject = 4F85A6271B46480A0077E12E /* Project object */;
}
